// !$*UTF8*$!
{
	archiveVersion = 1;
	classes = {
	};
	objectVersion = 56;
	objects = {

/* Begin PBXBuildFile section */
		49707A742BAB932F003A6342 /* ChefDeliveryApp.swift in Sources */ = {isa = PBXBuildFile; fileRef = 49707A732BAB932F003A6342 /* ChefDeliveryApp.swift */; };
		49707A762BAB932F003A6342 /* ContentView.swift in Sources */ = {isa = PBXBuildFile; fileRef = 49707A752BAB932F003A6342 /* ContentView.swift */; };
		49707A782BAB9332003A6342 /* Assets.xcassets in Resources */ = {isa = PBXBuildFile; fileRef = 49707A772BAB9332003A6342 /* Assets.xcassets */; };
		49707A7B2BAB9332003A6342 /* Preview Assets.xcassets in Resources */ = {isa = PBXBuildFile; fileRef = 49707A7A2BAB9332003A6342 /* Preview Assets.xcassets */; };
		49707A852BAB9332003A6342 /* ChefDeliveryTests.swift in Sources */ = {isa = PBXBuildFile; fileRef = 49707A842BAB9332003A6342 /* ChefDeliveryTests.swift */; };
		49707A8F2BAB9332003A6342 /* ChefDeliveryUITests.swift in Sources */ = {isa = PBXBuildFile; fileRef = 49707A8E2BAB9332003A6342 /* ChefDeliveryUITests.swift */; };
		49707A912BAB9332003A6342 /* ChefDeliveryUITestsLaunchTests.swift in Sources */ = {isa = PBXBuildFile; fileRef = 49707A902BAB9332003A6342 /* ChefDeliveryUITestsLaunchTests.swift */; };
		49707AA02BAB964C003A6342 /* NavigationBar.swift in Sources */ = {isa = PBXBuildFile; fileRef = 49707A9F2BAB964C003A6342 /* NavigationBar.swift */; };
		49707AA32BAB9C4D003A6342 /* OrderTypeGridView.swift in Sources */ = {isa = PBXBuildFile; fileRef = 49707AA22BAB9C4D003A6342 /* OrderTypeGridView.swift */; };
		49707AA62BAB9F45003A6342 /* OrderType.swift in Sources */ = {isa = PBXBuildFile; fileRef = 49707AA52BAB9F45003A6342 /* OrderType.swift */; };
		49707AA82BAB9F9C003A6342 /* DataSourceMock.swift in Sources */ = {isa = PBXBuildFile; fileRef = 49707AA72BAB9F9C003A6342 /* DataSourceMock.swift */; };
		49707AAA2BABA1B5003A6342 /* OrderTypeView.swift in Sources */ = {isa = PBXBuildFile; fileRef = 49707AA92BABA1B5003A6342 /* OrderTypeView.swift */; };
		49707AAD2BAC6F4E003A6342 /* CorroselItemView.swift in Sources */ = {isa = PBXBuildFile; fileRef = 49707AAC2BAC6F4E003A6342 /* CorroselItemView.swift */; };
		49707AAF2BAC7038003A6342 /* CarroselView.swift in Sources */ = {isa = PBXBuildFile; fileRef = 49707AAE2BAC7038003A6342 /* CarroselView.swift */; };
		49707AB12BAC7488003A6342 /* TabViewExperiment.swift in Sources */ = {isa = PBXBuildFile; fileRef = 49707AB02BAC7488003A6342 /* TabViewExperiment.swift */; };
		49707AB42BAC8155003A6342 /* StoreItemView.swift in Sources */ = {isa = PBXBuildFile; fileRef = 49707AB32BAC8155003A6342 /* StoreItemView.swift */; };
		49707AB62BAC85B8003A6342 /* StoreView.swift in Sources */ = {isa = PBXBuildFile; fileRef = 49707AB52BAC85B8003A6342 /* StoreView.swift */; };
		49707AEC2BB22DA9003A6342 /* StoreDetailView.swift in Sources */ = {isa = PBXBuildFile; fileRef = 49707AEB2BB22DA9003A6342 /* StoreDetailView.swift */; };
		49707AEE2BB232CD003A6342 /* StoreType.swift in Sources */ = {isa = PBXBuildFile; fileRef = 49707AED2BB232CD003A6342 /* StoreType.swift */; };
		49707AF12BB23D23003A6342 /* Double+.swift in Sources */ = {isa = PBXBuildFile; fileRef = 49707AF02BB23D23003A6342 /* Double+.swift */; };
/* End PBXBuildFile section */

/* Begin PBXContainerItemProxy section */
		49707A812BAB9332003A6342 /* PBXContainerItemProxy */ = {
			isa = PBXContainerItemProxy;
			containerPortal = 49707A682BAB932F003A6342 /* Project object */;
			proxyType = 1;
			remoteGlobalIDString = 49707A6F2BAB932F003A6342;
			remoteInfo = ChefDelivery;
		};
		49707A8B2BAB9332003A6342 /* PBXContainerItemProxy */ = {
			isa = PBXContainerItemProxy;
			containerPortal = 49707A682BAB932F003A6342 /* Project object */;
			proxyType = 1;
			remoteGlobalIDString = 49707A6F2BAB932F003A6342;
			remoteInfo = ChefDelivery;
		};
/* End PBXContainerItemProxy section */

/* Begin PBXFileReference section */
		49707A702BAB932F003A6342 /* ChefDelivery.app */ = {isa = PBXFileReference; explicitFileType = wrapper.application; includeInIndex = 0; path = ChefDelivery.app; sourceTree = BUILT_PRODUCTS_DIR; };
		49707A732BAB932F003A6342 /* ChefDeliveryApp.swift */ = {isa = PBXFileReference; lastKnownFileType = sourcecode.swift; path = ChefDeliveryApp.swift; sourceTree = "<group>"; };
		49707A752BAB932F003A6342 /* ContentView.swift */ = {isa = PBXFileReference; lastKnownFileType = sourcecode.swift; path = ContentView.swift; sourceTree = "<group>"; };
		49707A772BAB9332003A6342 /* Assets.xcassets */ = {isa = PBXFileReference; lastKnownFileType = folder.assetcatalog; path = Assets.xcassets; sourceTree = "<group>"; };
		49707A7A2BAB9332003A6342 /* Preview Assets.xcassets */ = {isa = PBXFileReference; lastKnownFileType = folder.assetcatalog; path = "Preview Assets.xcassets"; sourceTree = "<group>"; };
		49707A802BAB9332003A6342 /* ChefDeliveryTests.xctest */ = {isa = PBXFileReference; explicitFileType = wrapper.cfbundle; includeInIndex = 0; path = ChefDeliveryTests.xctest; sourceTree = BUILT_PRODUCTS_DIR; };
		49707A842BAB9332003A6342 /* ChefDeliveryTests.swift */ = {isa = PBXFileReference; lastKnownFileType = sourcecode.swift; path = ChefDeliveryTests.swift; sourceTree = "<group>"; };
		49707A8A2BAB9332003A6342 /* ChefDeliveryUITests.xctest */ = {isa = PBXFileReference; explicitFileType = wrapper.cfbundle; includeInIndex = 0; path = ChefDeliveryUITests.xctest; sourceTree = BUILT_PRODUCTS_DIR; };
		49707A8E2BAB9332003A6342 /* ChefDeliveryUITests.swift */ = {isa = PBXFileReference; lastKnownFileType = sourcecode.swift; path = ChefDeliveryUITests.swift; sourceTree = "<group>"; };
		49707A902BAB9332003A6342 /* ChefDeliveryUITestsLaunchTests.swift */ = {isa = PBXFileReference; lastKnownFileType = sourcecode.swift; path = ChefDeliveryUITestsLaunchTests.swift; sourceTree = "<group>"; };
		49707A9F2BAB964C003A6342 /* NavigationBar.swift */ = {isa = PBXFileReference; lastKnownFileType = sourcecode.swift; path = NavigationBar.swift; sourceTree = "<group>"; };
		49707AA22BAB9C4D003A6342 /* OrderTypeGridView.swift */ = {isa = PBXFileReference; lastKnownFileType = sourcecode.swift; path = OrderTypeGridView.swift; sourceTree = "<group>"; };
		49707AA52BAB9F45003A6342 /* OrderType.swift */ = {isa = PBXFileReference; lastKnownFileType = sourcecode.swift; path = OrderType.swift; sourceTree = "<group>"; };
		49707AA72BAB9F9C003A6342 /* DataSourceMock.swift */ = {isa = PBXFileReference; lastKnownFileType = sourcecode.swift; path = DataSourceMock.swift; sourceTree = "<group>"; };
		49707AA92BABA1B5003A6342 /* OrderTypeView.swift */ = {isa = PBXFileReference; lastKnownFileType = sourcecode.swift; path = OrderTypeView.swift; sourceTree = "<group>"; };
		49707AAC2BAC6F4E003A6342 /* CorroselItemView.swift */ = {isa = PBXFileReference; lastKnownFileType = sourcecode.swift; path = CorroselItemView.swift; sourceTree = "<group>"; };
		49707AAE2BAC7038003A6342 /* CarroselView.swift */ = {isa = PBXFileReference; lastKnownFileType = sourcecode.swift; path = CarroselView.swift; sourceTree = "<group>"; };
		49707AB02BAC7488003A6342 /* TabViewExperiment.swift */ = {isa = PBXFileReference; lastKnownFileType = sourcecode.swift; path = TabViewExperiment.swift; sourceTree = "<group>"; };
		49707AB32BAC8155003A6342 /* StoreItemView.swift */ = {isa = PBXFileReference; lastKnownFileType = sourcecode.swift; path = StoreItemView.swift; sourceTree = "<group>"; };
		49707AB52BAC85B8003A6342 /* StoreView.swift */ = {isa = PBXFileReference; lastKnownFileType = sourcecode.swift; path = StoreView.swift; sourceTree = "<group>"; };
		49707AEB2BB22DA9003A6342 /* StoreDetailView.swift */ = {isa = PBXFileReference; lastKnownFileType = sourcecode.swift; path = StoreDetailView.swift; sourceTree = "<group>"; };
		49707AED2BB232CD003A6342 /* StoreType.swift */ = {isa = PBXFileReference; lastKnownFileType = sourcecode.swift; path = StoreType.swift; sourceTree = "<group>"; };
		49707AF02BB23D23003A6342 /* Double+.swift */ = {isa = PBXFileReference; lastKnownFileType = sourcecode.swift; path = "Double+.swift"; sourceTree = "<group>"; };
/* End PBXFileReference section */

/* Begin PBXFrameworksBuildPhase section */
		49707A6D2BAB932F003A6342 /* Frameworks */ = {
			isa = PBXFrameworksBuildPhase;
			buildActionMask = 2147483647;
			files = (
			);
			runOnlyForDeploymentPostprocessing = 0;
		};
		49707A7D2BAB9332003A6342 /* Frameworks */ = {
			isa = PBXFrameworksBuildPhase;
			buildActionMask = 2147483647;
			files = (
			);
			runOnlyForDeploymentPostprocessing = 0;
		};
		49707A872BAB9332003A6342 /* Frameworks */ = {
			isa = PBXFrameworksBuildPhase;
			buildActionMask = 2147483647;
			files = (
			);
			runOnlyForDeploymentPostprocessing = 0;
		};
/* End PBXFrameworksBuildPhase section */

/* Begin PBXGroup section */
		49707A672BAB932F003A6342 = {
			isa = PBXGroup;
			children = (
				49707A722BAB932F003A6342 /* ChefDelivery */,
				49707A832BAB9332003A6342 /* ChefDeliveryTests */,
				49707A8D2BAB9332003A6342 /* ChefDeliveryUITests */,
				49707A712BAB932F003A6342 /* Products */,
			);
			sourceTree = "<group>";
		};
		49707A712BAB932F003A6342 /* Products */ = {
			isa = PBXGroup;
			children = (
				49707A702BAB932F003A6342 /* ChefDelivery.app */,
				49707A802BAB9332003A6342 /* ChefDeliveryTests.xctest */,
				49707A8A2BAB9332003A6342 /* ChefDeliveryUITests.xctest */,
			);
			name = Products;
			sourceTree = "<group>";
		};
		49707A722BAB932F003A6342 /* ChefDelivery */ = {
			isa = PBXGroup;
			children = (
				49707AEF2BB23D0C003A6342 /* Extension */,
				49707A9E2BAB9623003A6342 /* App */,
				49707AA42BAB9F2B003A6342 /* Model */,
				49707A9D2BAB9611003A6342 /* NavigationBar */,
				49707AA12BAB9C21003A6342 /* GridView */,
				49707AB22BAC8131003A6342 /* StoresView */,
				49707AAB2BAC6F26003A6342 /* CorroselView */,
				49707A772BAB9332003A6342 /* Assets.xcassets */,
				49707A792BAB9332003A6342 /* Preview Content */,
			);
			path = ChefDelivery;
			sourceTree = "<group>";
		};
		49707A792BAB9332003A6342 /* Preview Content */ = {
			isa = PBXGroup;
			children = (
				49707A7A2BAB9332003A6342 /* Preview Assets.xcassets */,
			);
			path = "Preview Content";
			sourceTree = "<group>";
		};
		49707A832BAB9332003A6342 /* ChefDeliveryTests */ = {
			isa = PBXGroup;
			children = (
				49707A842BAB9332003A6342 /* ChefDeliveryTests.swift */,
			);
			path = ChefDeliveryTests;
			sourceTree = "<group>";
		};
		49707A8D2BAB9332003A6342 /* ChefDeliveryUITests */ = {
			isa = PBXGroup;
			children = (
				49707A8E2BAB9332003A6342 /* ChefDeliveryUITests.swift */,
				49707A902BAB9332003A6342 /* ChefDeliveryUITestsLaunchTests.swift */,
			);
			path = ChefDeliveryUITests;
			sourceTree = "<group>";
		};
		49707A9D2BAB9611003A6342 /* NavigationBar */ = {
			isa = PBXGroup;
			children = (
				49707A9F2BAB964C003A6342 /* NavigationBar.swift */,
			);
			path = NavigationBar;
			sourceTree = "<group>";
		};
		49707A9E2BAB9623003A6342 /* App */ = {
			isa = PBXGroup;
			children = (
				49707A732BAB932F003A6342 /* ChefDeliveryApp.swift */,
				49707A752BAB932F003A6342 /* ContentView.swift */,
			);
			path = App;
			sourceTree = "<group>";
		};
		49707AA12BAB9C21003A6342 /* GridView */ = {
			isa = PBXGroup;
			children = (
				49707AA22BAB9C4D003A6342 /* OrderTypeGridView.swift */,
				49707AA92BABA1B5003A6342 /* OrderTypeView.swift */,
			);
			path = GridView;
			sourceTree = "<group>";
		};
		49707AA42BAB9F2B003A6342 /* Model */ = {
			isa = PBXGroup;
			children = (
				49707AA52BAB9F45003A6342 /* OrderType.swift */,
				49707AA72BAB9F9C003A6342 /* DataSourceMock.swift */,
				49707AED2BB232CD003A6342 /* StoreType.swift */,
			);
			path = Model;
			sourceTree = "<group>";
		};
		49707AAB2BAC6F26003A6342 /* CorroselView */ = {
			isa = PBXGroup;
			children = (
				49707AAC2BAC6F4E003A6342 /* CorroselItemView.swift */,
				49707AAE2BAC7038003A6342 /* CarroselView.swift */,
				49707AB02BAC7488003A6342 /* TabViewExperiment.swift */,
			);
			path = CorroselView;
			sourceTree = "<group>";
		};
		49707AB22BAC8131003A6342 /* StoresView */ = {
			isa = PBXGroup;
			children = (
				49707AB32BAC8155003A6342 /* StoreItemView.swift */,
				49707AB52BAC85B8003A6342 /* StoreView.swift */,
				49707AEB2BB22DA9003A6342 /* StoreDetailView.swift */,
			);
			path = StoresView;
			sourceTree = "<group>";
		};
		49707AEF2BB23D0C003A6342 /* Extension */ = {
			isa = PBXGroup;
			children = (
				49707AF02BB23D23003A6342 /* Double+.swift */,
			);
			path = Extension;
			sourceTree = "<group>";
		};
/* End PBXGroup section */

/* Begin PBXNativeTarget section */
		49707A6F2BAB932F003A6342 /* ChefDelivery */ = {
			isa = PBXNativeTarget;
			buildConfigurationList = 49707A942BAB9332003A6342 /* Build configuration list for PBXNativeTarget "ChefDelivery" */;
			buildPhases = (
				49707A6C2BAB932F003A6342 /* Sources */,
				49707A6D2BAB932F003A6342 /* Frameworks */,
				49707A6E2BAB932F003A6342 /* Resources */,
			);
			buildRules = (
			);
			dependencies = (
			);
			name = ChefDelivery;
			productName = ChefDelivery;
			productReference = 49707A702BAB932F003A6342 /* ChefDelivery.app */;
			productType = "com.apple.product-type.application";
		};
		49707A7F2BAB9332003A6342 /* ChefDeliveryTests */ = {
			isa = PBXNativeTarget;
			buildConfigurationList = 49707A972BAB9332003A6342 /* Build configuration list for PBXNativeTarget "ChefDeliveryTests" */;
			buildPhases = (
				49707A7C2BAB9332003A6342 /* Sources */,
				49707A7D2BAB9332003A6342 /* Frameworks */,
				49707A7E2BAB9332003A6342 /* Resources */,
			);
			buildRules = (
			);
			dependencies = (
				49707A822BAB9332003A6342 /* PBXTargetDependency */,
			);
			name = ChefDeliveryTests;
			productName = ChefDeliveryTests;
			productReference = 49707A802BAB9332003A6342 /* ChefDeliveryTests.xctest */;
			productType = "com.apple.product-type.bundle.unit-test";
		};
		49707A892BAB9332003A6342 /* ChefDeliveryUITests */ = {
			isa = PBXNativeTarget;
			buildConfigurationList = 49707A9A2BAB9332003A6342 /* Build configuration list for PBXNativeTarget "ChefDeliveryUITests" */;
			buildPhases = (
				49707A862BAB9332003A6342 /* Sources */,
				49707A872BAB9332003A6342 /* Frameworks */,
				49707A882BAB9332003A6342 /* Resources */,
			);
			buildRules = (
			);
			dependencies = (
				49707A8C2BAB9332003A6342 /* PBXTargetDependency */,
			);
			name = ChefDeliveryUITests;
			productName = ChefDeliveryUITests;
			productReference = 49707A8A2BAB9332003A6342 /* ChefDeliveryUITests.xctest */;
			productType = "com.apple.product-type.bundle.ui-testing";
		};
/* End PBXNativeTarget section */

/* Begin PBXProject section */
		49707A682BAB932F003A6342 /* Project object */ = {
			isa = PBXProject;
			attributes = {
				BuildIndependentTargetsInParallel = 1;
				LastSwiftUpdateCheck = 1520;
				LastUpgradeCheck = 1520;
				TargetAttributes = {
					49707A6F2BAB932F003A6342 = {
						CreatedOnToolsVersion = 15.2;
					};
					49707A7F2BAB9332003A6342 = {
						CreatedOnToolsVersion = 15.2;
						TestTargetID = 49707A6F2BAB932F003A6342;
					};
					49707A892BAB9332003A6342 = {
						CreatedOnToolsVersion = 15.2;
						TestTargetID = 49707A6F2BAB932F003A6342;
					};
				};
			};
			buildConfigurationList = 49707A6B2BAB932F003A6342 /* Build configuration list for PBXProject "ChefDelivery" */;
			compatibilityVersion = "Xcode 14.0";
			developmentRegion = en;
			hasScannedForEncodings = 0;
			knownRegions = (
				en,
				Base,
			);
			mainGroup = 49707A672BAB932F003A6342;
			productRefGroup = 49707A712BAB932F003A6342 /* Products */;
			projectDirPath = "";
			projectRoot = "";
			targets = (
				49707A6F2BAB932F003A6342 /* ChefDelivery */,
				49707A7F2BAB9332003A6342 /* ChefDeliveryTests */,
				49707A892BAB9332003A6342 /* ChefDeliveryUITests */,
			);
		};
/* End PBXProject section */

/* Begin PBXResourcesBuildPhase section */
		49707A6E2BAB932F003A6342 /* Resources */ = {
			isa = PBXResourcesBuildPhase;
			buildActionMask = 2147483647;
			files = (
				49707A7B2BAB9332003A6342 /* Preview Assets.xcassets in Resources */,
				49707A782BAB9332003A6342 /* Assets.xcassets in Resources */,
			);
			runOnlyForDeploymentPostprocessing = 0;
		};
		49707A7E2BAB9332003A6342 /* Resources */ = {
			isa = PBXResourcesBuildPhase;
			buildActionMask = 2147483647;
			files = (
			);
			runOnlyForDeploymentPostprocessing = 0;
		};
		49707A882BAB9332003A6342 /* Resources */ = {
			isa = PBXResourcesBuildPhase;
			buildActionMask = 2147483647;
			files = (
			);
			runOnlyForDeploymentPostprocessing = 0;
		};
/* End PBXResourcesBuildPhase section */

/* Begin PBXSourcesBuildPhase section */
		49707A6C2BAB932F003A6342 /* Sources */ = {
			isa = PBXSourcesBuildPhase;
			buildActionMask = 2147483647;
			files = (
				49707AA62BAB9F45003A6342 /* OrderType.swift in Sources */,
				49707AAF2BAC7038003A6342 /* CarroselView.swift in Sources */,
				49707AB42BAC8155003A6342 /* StoreItemView.swift in Sources */,
				49707A762BAB932F003A6342 /* ContentView.swift in Sources */,
				49707AF12BB23D23003A6342 /* Double+.swift in Sources */,
				49707AB12BAC7488003A6342 /* TabViewExperiment.swift in Sources */,
				49707AA82BAB9F9C003A6342 /* DataSourceMock.swift in Sources */,
				49707AAA2BABA1B5003A6342 /* OrderTypeView.swift in Sources */,
				49707AAD2BAC6F4E003A6342 /* CorroselItemView.swift in Sources */,
				49707AEC2BB22DA9003A6342 /* StoreDetailView.swift in Sources */,
				49707AA32BAB9C4D003A6342 /* OrderTypeGridView.swift in Sources */,
				49707A742BAB932F003A6342 /* ChefDeliveryApp.swift in Sources */,
				49707AEE2BB232CD003A6342 /* StoreType.swift in Sources */,
				49707AB62BAC85B8003A6342 /* StoreView.swift in Sources */,
				49707AA02BAB964C003A6342 /* NavigationBar.swift in Sources */,
			);
			runOnlyForDeploymentPostprocessing = 0;
		};
		49707A7C2BAB9332003A6342 /* Sources */ = {
			isa = PBXSourcesBuildPhase;
			buildActionMask = 2147483647;
			files = (
				49707A852BAB9332003A6342 /* ChefDeliveryTests.swift in Sources */,
			);
			runOnlyForDeploymentPostprocessing = 0;
		};
		49707A862BAB9332003A6342 /* Sources */ = {
			isa = PBXSourcesBuildPhase;
			buildActionMask = 2147483647;
			files = (
				49707A912BAB9332003A6342 /* ChefDeliveryUITestsLaunchTests.swift in Sources */,
				49707A8F2BAB9332003A6342 /* ChefDeliveryUITests.swift in Sources */,
			);
			runOnlyForDeploymentPostprocessing = 0;
		};
/* End PBXSourcesBuildPhase section */

/* Begin PBXTargetDependency section */
		49707A822BAB9332003A6342 /* PBXTargetDependency */ = {
			isa = PBXTargetDependency;
			target = 49707A6F2BAB932F003A6342 /* ChefDelivery */;
			targetProxy = 49707A812BAB9332003A6342 /* PBXContainerItemProxy */;
		};
		49707A8C2BAB9332003A6342 /* PBXTargetDependency */ = {
			isa = PBXTargetDependency;
			target = 49707A6F2BAB932F003A6342 /* ChefDelivery */;
			targetProxy = 49707A8B2BAB9332003A6342 /* PBXContainerItemProxy */;
		};
/* End PBXTargetDependency section */

/* Begin XCBuildConfiguration section */
		49707A922BAB9332003A6342 /* Debug */ = {
			isa = XCBuildConfiguration;
			buildSettings = {
				ALWAYS_SEARCH_USER_PATHS = NO;
				ASSETCATALOG_COMPILER_GENERATE_SWIFT_ASSET_SYMBOL_EXTENSIONS = YES;
				CLANG_ANALYZER_NONNULL = YES;
				CLANG_ANALYZER_NUMBER_OBJECT_CONVERSION = YES_AGGRESSIVE;
				CLANG_CXX_LANGUAGE_STANDARD = "gnu++20";
				CLANG_ENABLE_MODULES = YES;
				CLANG_ENABLE_OBJC_ARC = YES;
				CLANG_ENABLE_OBJC_WEAK = YES;
				CLANG_WARN_BLOCK_CAPTURE_AUTORELEASING = YES;
				CLANG_WARN_BOOL_CONVERSION = YES;
				CLANG_WARN_COMMA = YES;
				CLANG_WARN_CONSTANT_CONVERSION = YES;
				CLANG_WARN_DEPRECATED_OBJC_IMPLEMENTATIONS = YES;
				CLANG_WARN_DIRECT_OBJC_ISA_USAGE = YES_ERROR;
				CLANG_WARN_DOCUMENTATION_COMMENTS = YES;
				CLANG_WARN_EMPTY_BODY = YES;
				CLANG_WARN_ENUM_CONVERSION = YES;
				CLANG_WARN_INFINITE_RECURSION = YES;
				CLANG_WARN_INT_CONVERSION = YES;
				CLANG_WARN_NON_LITERAL_NULL_CONVERSION = YES;
				CLANG_WARN_OBJC_IMPLICIT_RETAIN_SELF = YES;
				CLANG_WARN_OBJC_LITERAL_CONVERSION = YES;
				CLANG_WARN_OBJC_ROOT_CLASS = YES_ERROR;
				CLANG_WARN_QUOTED_INCLUDE_IN_FRAMEWORK_HEADER = YES;
				CLANG_WARN_RANGE_LOOP_ANALYSIS = YES;
				CLANG_WARN_STRICT_PROTOTYPES = YES;
				CLANG_WARN_SUSPICIOUS_MOVE = YES;
				CLANG_WARN_UNGUARDED_AVAILABILITY = YES_AGGRESSIVE;
				CLANG_WARN_UNREACHABLE_CODE = YES;
				CLANG_WARN__DUPLICATE_METHOD_MATCH = YES;
				COPY_PHASE_STRIP = NO;
				DEBUG_INFORMATION_FORMAT = dwarf;
				ENABLE_STRICT_OBJC_MSGSEND = YES;
				ENABLE_TESTABILITY = YES;
				ENABLE_USER_SCRIPT_SANDBOXING = YES;
				GCC_C_LANGUAGE_STANDARD = gnu17;
				GCC_DYNAMIC_NO_PIC = NO;
				GCC_NO_COMMON_BLOCKS = YES;
				GCC_OPTIMIZATION_LEVEL = 0;
				GCC_PREPROCESSOR_DEFINITIONS = (
					"DEBUG=1",
					"$(inherited)",
				);
				GCC_WARN_64_TO_32_BIT_CONVERSION = YES;
				GCC_WARN_ABOUT_RETURN_TYPE = YES_ERROR;
				GCC_WARN_UNDECLARED_SELECTOR = YES;
				GCC_WARN_UNINITIALIZED_AUTOS = YES_AGGRESSIVE;
				GCC_WARN_UNUSED_FUNCTION = YES;
				GCC_WARN_UNUSED_VARIABLE = YES;
				IPHONEOS_DEPLOYMENT_TARGET = 17.2;
				LOCALIZATION_PREFERS_STRING_CATALOGS = YES;
				MTL_ENABLE_DEBUG_INFO = INCLUDE_SOURCE;
				MTL_FAST_MATH = YES;
				ONLY_ACTIVE_ARCH = YES;
				SDKROOT = iphoneos;
				SWIFT_ACTIVE_COMPILATION_CONDITIONS = "DEBUG $(inherited)";
				SWIFT_OPTIMIZATION_LEVEL = "-Onone";
			};
			name = Debug;
		};
		49707A932BAB9332003A6342 /* Release */ = {
			isa = XCBuildConfiguration;
			buildSettings = {
				ALWAYS_SEARCH_USER_PATHS = NO;
				ASSETCATALOG_COMPILER_GENERATE_SWIFT_ASSET_SYMBOL_EXTENSIONS = YES;
				CLANG_ANALYZER_NONNULL = YES;
				CLANG_ANALYZER_NUMBER_OBJECT_CONVERSION = YES_AGGRESSIVE;
				CLANG_CXX_LANGUAGE_STANDARD = "gnu++20";
				CLANG_ENABLE_MODULES = YES;
				CLANG_ENABLE_OBJC_ARC = YES;
				CLANG_ENABLE_OBJC_WEAK = YES;
				CLANG_WARN_BLOCK_CAPTURE_AUTORELEASING = YES;
				CLANG_WARN_BOOL_CONVERSION = YES;
				CLANG_WARN_COMMA = YES;
				CLANG_WARN_CONSTANT_CONVERSION = YES;
				CLANG_WARN_DEPRECATED_OBJC_IMPLEMENTATIONS = YES;
				CLANG_WARN_DIRECT_OBJC_ISA_USAGE = YES_ERROR;
				CLANG_WARN_DOCUMENTATION_COMMENTS = YES;
				CLANG_WARN_EMPTY_BODY = YES;
				CLANG_WARN_ENUM_CONVERSION = YES;
				CLANG_WARN_INFINITE_RECURSION = YES;
				CLANG_WARN_INT_CONVERSION = YES;
				CLANG_WARN_NON_LITERAL_NULL_CONVERSION = YES;
				CLANG_WARN_OBJC_IMPLICIT_RETAIN_SELF = YES;
				CLANG_WARN_OBJC_LITERAL_CONVERSION = YES;
				CLANG_WARN_OBJC_ROOT_CLASS = YES_ERROR;
				CLANG_WARN_QUOTED_INCLUDE_IN_FRAMEWORK_HEADER = YES;
				CLANG_WARN_RANGE_LOOP_ANALYSIS = YES;
				CLANG_WARN_STRICT_PROTOTYPES = YES;
				CLANG_WARN_SUSPICIOUS_MOVE = YES;
				CLANG_WARN_UNGUARDED_AVAILABILITY = YES_AGGRESSIVE;
				CLANG_WARN_UNREACHABLE_CODE = YES;
				CLANG_WARN__DUPLICATE_METHOD_MATCH = YES;
				COPY_PHASE_STRIP = NO;
				DEBUG_INFORMATION_FORMAT = "dwarf-with-dsym";
				ENABLE_NS_ASSERTIONS = NO;
				ENABLE_STRICT_OBJC_MSGSEND = YES;
				ENABLE_USER_SCRIPT_SANDBOXING = YES;
				GCC_C_LANGUAGE_STANDARD = gnu17;
				GCC_NO_COMMON_BLOCKS = YES;
				GCC_WARN_64_TO_32_BIT_CONVERSION = YES;
				GCC_WARN_ABOUT_RETURN_TYPE = YES_ERROR;
				GCC_WARN_UNDECLARED_SELECTOR = YES;
				GCC_WARN_UNINITIALIZED_AUTOS = YES_AGGRESSIVE;
				GCC_WARN_UNUSED_FUNCTION = YES;
				GCC_WARN_UNUSED_VARIABLE = YES;
				IPHONEOS_DEPLOYMENT_TARGET = 17.2;
				LOCALIZATION_PREFERS_STRING_CATALOGS = YES;
				MTL_ENABLE_DEBUG_INFO = NO;
				MTL_FAST_MATH = YES;
				SDKROOT = iphoneos;
				SWIFT_COMPILATION_MODE = wholemodule;
				VALIDATE_PRODUCT = YES;
			};
			name = Release;
		};
		49707A952BAB9332003A6342 /* Debug */ = {
			isa = XCBuildConfiguration;
			buildSettings = {
				ASSETCATALOG_COMPILER_APPICON_NAME = AppIcon;
				ASSETCATALOG_COMPILER_GLOBAL_ACCENT_COLOR_NAME = AccentColor;
				CODE_SIGN_STYLE = Automatic;
				CURRENT_PROJECT_VERSION = 1;
				DEVELOPMENT_ASSET_PATHS = "\"ChefDelivery/Preview Content\"";
				ENABLE_PREVIEWS = YES;
				GENERATE_INFOPLIST_FILE = YES;
				INFOPLIST_KEY_UIApplicationSceneManifest_Generation = YES;
				INFOPLIST_KEY_UIApplicationSupportsIndirectInputEvents = YES;
				INFOPLIST_KEY_UILaunchScreen_Generation = YES;
				INFOPLIST_KEY_UISupportedInterfaceOrientations_iPad = "UIInterfaceOrientationPortrait UIInterfaceOrientationPortraitUpsideDown UIInterfaceOrientationLandscapeLeft UIInterfaceOrientationLandscapeRight";
				INFOPLIST_KEY_UISupportedInterfaceOrientations_iPhone = "UIInterfaceOrientationPortrait UIInterfaceOrientationLandscapeLeft UIInterfaceOrientationLandscapeRight";
				LD_RUNPATH_SEARCH_PATHS = (
					"$(inherited)",
					"@executable_path/Frameworks",
				);
				MARKETING_VERSION = 1.0;
				PRODUCT_BUNDLE_IDENTIFIER = br.com.luizgadao.ChefDelivery;
				PRODUCT_NAME = "$(TARGET_NAME)";
				SWIFT_EMIT_LOC_STRINGS = YES;
				SWIFT_VERSION = 5.0;
				TARGETED_DEVICE_FAMILY = "1,2";
			};
			name = Debug;
		};
		49707A962BAB9332003A6342 /* Release */ = {
			isa = XCBuildConfiguration;
			buildSettings = {
				ASSETCATALOG_COMPILER_APPICON_NAME = AppIcon;
				ASSETCATALOG_COMPILER_GLOBAL_ACCENT_COLOR_NAME = AccentColor;
				CODE_SIGN_STYLE = Automatic;
				CURRENT_PROJECT_VERSION = 1;
				DEVELOPMENT_ASSET_PATHS = "\"ChefDelivery/Preview Content\"";
				ENABLE_PREVIEWS = YES;
				GENERATE_INFOPLIST_FILE = YES;
				INFOPLIST_KEY_UIApplicationSceneManifest_Generation = YES;
				INFOPLIST_KEY_UIApplicationSupportsIndirectInputEvents = YES;
				INFOPLIST_KEY_UILaunchScreen_Generation = YES;
				INFOPLIST_KEY_UISupportedInterfaceOrientations_iPad = "UIInterfaceOrientationPortrait UIInterfaceOrientationPortraitUpsideDown UIInterfaceOrientationLandscapeLeft UIInterfaceOrientationLandscapeRight";
				INFOPLIST_KEY_UISupportedInterfaceOrientations_iPhone = "UIInterfaceOrientationPortrait UIInterfaceOrientationLandscapeLeft UIInterfaceOrientationLandscapeRight";
				LD_RUNPATH_SEARCH_PATHS = (
					"$(inherited)",
					"@executable_path/Frameworks",
				);
				MARKETING_VERSION = 1.0;
				PRODUCT_BUNDLE_IDENTIFIER = br.com.luizgadao.ChefDelivery;
				PRODUCT_NAME = "$(TARGET_NAME)";
				SWIFT_EMIT_LOC_STRINGS = YES;
				SWIFT_VERSION = 5.0;
				TARGETED_DEVICE_FAMILY = "1,2";
			};
			name = Release;
		};
		49707A982BAB9332003A6342 /* Debug */ = {
			isa = XCBuildConfiguration;
			buildSettings = {
				ALWAYS_EMBED_SWIFT_STANDARD_LIBRARIES = YES;
				BUNDLE_LOADER = "$(TEST_HOST)";
				CODE_SIGN_STYLE = Automatic;
				CURRENT_PROJECT_VERSION = 1;
				GENERATE_INFOPLIST_FILE = YES;
				IPHONEOS_DEPLOYMENT_TARGET = 17.2;
				MARKETING_VERSION = 1.0;
				PRODUCT_BUNDLE_IDENTIFIER = br.com.luizgadao.ChefDeliveryTests;
				PRODUCT_NAME = "$(TARGET_NAME)";
				SWIFT_EMIT_LOC_STRINGS = NO;
				SWIFT_VERSION = 5.0;
				TARGETED_DEVICE_FAMILY = "1,2";
				TEST_HOST = "$(BUILT_PRODUCTS_DIR)/ChefDelivery.app/$(BUNDLE_EXECUTABLE_FOLDER_PATH)/ChefDelivery";
			};
			name = Debug;
		};
		49707A992BAB9332003A6342 /* Release */ = {
			isa = XCBuildConfiguration;
			buildSettings = {
				ALWAYS_EMBED_SWIFT_STANDARD_LIBRARIES = YES;
				BUNDLE_LOADER = "$(TEST_HOST)";
				CODE_SIGN_STYLE = Automatic;
				CURRENT_PROJECT_VERSION = 1;
				GENERATE_INFOPLIST_FILE = YES;
				IPHONEOS_DEPLOYMENT_TARGET = 17.2;
				MARKETING_VERSION = 1.0;
				PRODUCT_BUNDLE_IDENTIFIER = br.com.luizgadao.ChefDeliveryTests;
				PRODUCT_NAME = "$(TARGET_NAME)";
				SWIFT_EMIT_LOC_STRINGS = NO;
				SWIFT_VERSION = 5.0;
				TARGETED_DEVICE_FAMILY = "1,2";
				TEST_HOST = "$(BUILT_PRODUCTS_DIR)/ChefDelivery.app/$(BUNDLE_EXECUTABLE_FOLDER_PATH)/ChefDelivery";
			};
			name = Release;
		};
		49707A9B2BAB9332003A6342 /* Debug */ = {
			isa = XCBuildConfiguration;
			buildSettings = {
				ALWAYS_EMBED_SWIFT_STANDARD_LIBRARIES = YES;
				CODE_SIGN_STYLE = Automatic;
				CURRENT_PROJECT_VERSION = 1;
				GENERATE_INFOPLIST_FILE = YES;
				MARKETING_VERSION = 1.0;
				PRODUCT_BUNDLE_IDENTIFIER = br.com.luizgadao.ChefDeliveryUITests;
				PRODUCT_NAME = "$(TARGET_NAME)";
				SWIFT_EMIT_LOC_STRINGS = NO;
				SWIFT_VERSION = 5.0;
				TARGETED_DEVICE_FAMILY = "1,2";
				TEST_TARGET_NAME = ChefDelivery;
			};
			name = Debug;
		};
		49707A9C2BAB9332003A6342 /* Release */ = {
			isa = XCBuildConfiguration;
			buildSettings = {
				ALWAYS_EMBED_SWIFT_STANDARD_LIBRARIES = YES;
				CODE_SIGN_STYLE = Automatic;
				CURRENT_PROJECT_VERSION = 1;
				GENERATE_INFOPLIST_FILE = YES;
				MARKETING_VERSION = 1.0;
				PRODUCT_BUNDLE_IDENTIFIER = br.com.luizgadao.ChefDeliveryUITests;
				PRODUCT_NAME = "$(TARGET_NAME)";
				SWIFT_EMIT_LOC_STRINGS = NO;
				SWIFT_VERSION = 5.0;
				TARGETED_DEVICE_FAMILY = "1,2";
				TEST_TARGET_NAME = ChefDelivery;
			};
			name = Release;
		};
/* End XCBuildConfiguration section */

/* Begin XCConfigurationList section */
		49707A6B2BAB932F003A6342 /* Build configuration list for PBXProject "ChefDelivery" */ = {
			isa = XCConfigurationList;
			buildConfigurations = (
				49707A922BAB9332003A6342 /* Debug */,
				49707A932BAB9332003A6342 /* Release */,
			);
			defaultConfigurationIsVisible = 0;
			defaultConfigurationName = Release;
		};
		49707A942BAB9332003A6342 /* Build configuration list for PBXNativeTarget "ChefDelivery" */ = {
			isa = XCConfigurationList;
			buildConfigurations = (
				49707A952BAB9332003A6342 /* Debug */,
				49707A962BAB9332003A6342 /* Release */,
			);
			defaultConfigurationIsVisible = 0;
			defaultConfigurationName = Release;
		};
		49707A972BAB9332003A6342 /* Build configuration list for PBXNativeTarget "ChefDeliveryTests" */ = {
			isa = XCConfigurationList;
			buildConfigurations = (
				49707A982BAB9332003A6342 /* Debug */,
				49707A992BAB9332003A6342 /* Release */,
			);
			defaultConfigurationIsVisible = 0;
			defaultConfigurationName = Release;
		};
		49707A9A2BAB9332003A6342 /* Build configuration list for PBXNativeTarget "ChefDeliveryUITests" */ = {
			isa = XCConfigurationList;
			buildConfigurations = (
				49707A9B2BAB9332003A6342 /* Debug */,
				49707A9C2BAB9332003A6342 /* Release */,
			);
			defaultConfigurationIsVisible = 0;
			defaultConfigurationName = Release;
		};
/* End XCConfigurationList section */
	};
	rootObject = 49707A682BAB932F003A6342 /* Project object */;
}
